<?xml version="1.0" encoding="utf-8"?>
<Project ToolsVersion="4.0" xmlns="http://schemas.microsoft.com/developer/msbuild/2003">
  <ItemGroup>
    <Filter Include="來源檔案">
      <UniqueIdentifier>{4FC737F1-C7A5-4376-A066-2A32D752A2FF}</UniqueIdentifier>
      <Extensions>cpp;c;cc;cxx;c++;cppm;ixx;def;odl;idl;hpj;bat;asm;asmx</Extensions>
    </Filter>
    <Filter Include="標頭檔">
      <UniqueIdentifier>{93995380-89BD-4b04-88EB-625FBE52EBFB}</UniqueIdentifier>
      <Extensions>h;hh;hpp;hxx;h++;hm;inl;inc;ipp;xsd</Extensions>
    </Filter>
    <Filter Include="資源檔">
      <UniqueIdentifier>{67DA6AB6-F800-4c08-8B7A-83BB121AAD01}</UniqueIdentifier>
      <Extensions>rc;ico;cur;bmp;dlg;rc2;rct;bin;rgs;gif;jpg;jpeg;jpe;resx;tiff;tif;png;wav;mfcribbon-ms</Extensions>
    </Filter>
    <Filter Include="標頭檔\Lib">
      <UniqueIdentifier>{6ed030bd-b0df-4487-8a18-cb5ab147d795}</UniqueIdentifier>
    </Filter>
    <Filter Include="來源檔案\Lib">
      <UniqueIdentifier>{0cae7a96-0cec-45bb-9f59-c7348e3096a0}</UniqueIdentifier>
    </Filter>
    <Filter Include="標頭檔\Shader">
      <UniqueIdentifier>{dfb532de-d2de-4bae-b5ef-7530f1b03f97}</UniqueIdentifier>
    </Filter>
    <Filter Include="來源檔案\Shader">
      <UniqueIdentifier>{f850248b-3dbf-4667-b0a0-aa2f7690b880}</UniqueIdentifier>
    </Filter>
  </ItemGroup>
  <ItemGroup>
    <ClInclude Include="pch.h">
      <Filter>標頭檔\Lib</Filter>
    </ClInclude>
    <ClInclude Include="Include\Common.h">
      <Filter>標頭檔\Lib</Filter>
    </ClInclude>
    <ClInclude Include="Include\ResourcePath.h">
      <Filter>標頭檔\Lib</Filter>
    </ClInclude>
    <ClInclude Include="Include\ViewManager.h">
      <Filter>標頭檔\Lib</Filter>
    </ClInclude>
    <ClInclude Include="Include\OpenMesh.h">
      <Filter>標頭檔</Filter>
    </ClInclude>
    <ClInclude Include="Include\Main.h">
      <Filter>標頭檔</Filter>
    </ClInclude>
    <ClInclude Include="Include\DrawModelShader.h">
      <Filter>標頭檔\Shader</Filter>
    </ClInclude>
    <ClInclude Include="Include\DrawPickingFaceShader.h">
      <Filter>標頭檔\Shader</Filter>
    </ClInclude>
    <ClInclude Include="Include\DrawTextureShader.h">
      <Filter>標頭檔\Shader</Filter>
    </ClInclude>
    <ClInclude Include="Include\MeshObject.h">
      <Filter>標頭檔\Shader</Filter>
    </ClInclude>
    <ClInclude Include="Include\PickingShader.h">
      <Filter>標頭檔\Shader</Filter>
    </ClInclude>
    <ClInclude Include="Include\PickingTexture.h">
      <Filter>標頭檔\Shader</Filter>
    </ClInclude>
    <ClInclude Include="Include\ShaderObject.h">
      <Filter>標頭檔\Shader</Filter>
    </ClInclude>
  </ItemGroup>
  <ItemGroup>
    <ClCompile Include="pch.cpp">
      <Filter>來源檔案\Lib</Filter>
    </ClCompile>
    <ClCompile Include="Source\OpenMesh.cpp">
      <Filter>來源檔案</Filter>
    </ClCompile>
    <ClCompile Include="Source\Common.cpp">
      <Filter>來源檔案\Lib</Filter>
    </ClCompile>
    <ClCompile Include="Source\tiny_obj_loader.cpp">
      <Filter>來源檔案\Lib</Filter>
    </ClCompile>
    <ClCompile Include="Source\ViewManager.cpp">
      <Filter>來源檔案\Lib</Filter>
    </ClCompile>
    <ClCompile Include="Source\ResourcePath.cpp">
      <Filter>來源檔案\Lib</Filter>
    </ClCompile>
    <ClCompile Include="Source\DrawModelShader.cpp">
      <Filter>來源檔案\Shader</Filter>
    </ClCompile>
    <ClCompile Include="Source\DrawPickingFaceShader.cpp">
      <Filter>來源檔案\Shader</Filter>
    </ClCompile>
    <ClCompile Include="Source\DrawTextureShader.cpp">
      <Filter>來源檔案\Shader</Filter>
    </ClCompile>
    <ClCompile Include="Source\MeshObject.cpp">
      <Filter>來源檔案\Shader</Filter>
    </ClCompile>
    <ClCompile Include="Source\PickingShader.cpp">
      <Filter>來源檔案\Shader</Filter>
    </ClCompile>
    <ClCompile Include="Source\PickingTexture.cpp">
      <Filter>來源檔案\Shader</Filter>
    </ClCompile>
    <ClCompile Include="Source\ShaderObject.cpp">
      <Filter>來源檔案\Shader</Filter>
    </ClCompile>
    <ClCompile Include="Source.cpp">
      <Filter>來源檔案</Filter>
    </ClCompile>
  </ItemGroup>
</Project>